
Microsoft Visual Studio Solution File, Format Version 12.00
Project("{FAE04EC0-301F-11D3-BF4B-00C04F79EFBC}") = "BookLibraryApp", "backend\BookLibraryApp.csproj", "{F17C236E-27B7-4B5A-A246-E92BB6401AC9}"
EndProject
Global
	GlobalSection(SolutionConfigurationPlatforms) = preSolution
		Debug|Any CPU = Debug|Any CPU
		Release|Any CPU = Release|Any CPU
	EndGlobalSection
	GlobalSection(ProjectConfigurationPlatforms) = postSolution
		{F17C236E-27B7-4B5A-A246-E92BB6401AC9}.Debug|Any CPU.ActiveCfg = Debug|Any CPU
		{F17C236E-27B7-4B5A-A246-E92BB6401AC9}.Debug|Any CPU.Build.0 = Debug|Any CPU
		{F17C236E-27B7-4B5A-A246-E92BB6401AC9}.Release|Any CPU.ActiveCfg = Release|Any CPU
		{F17C236E-27B7-4B5A-A246-E92BB6401AC9}.Release|Any CPU.Build.0 = Release|Any CPU
	EndGlobalSection
EndGlobal
